
Microsoft Visual Studio Solution File, Format Version 12.00
# Visual Studio Version 17
VisualStudioVersion = 17.3.32804.467
MinimumVisualStudioVersion = 10.0.40219.1
Project("{2150E333-8FDC-42A3-9474-1A3956D46DE8}") = "src", "src", "{552AF8C9-368E-4EB4-AB98-761D7CFC6B87}"
EndProject
Project("{2150E333-8FDC-42A3-9474-1A3956D46DE8}") = "test", "test", "{0EE54969-0ED3-4B80-9E9E-5EFDB0866577}"
EndProject
Project("{9A19103F-16F7-4668-BE54-9A1E7A4F7556}") = "InfinityComparable", "src\InfinityComparable\InfinityComparable.csproj", "{7727C4EB-7181-4144-A90C-8574D0A47CD2}"
EndProject
Project("{9A19103F-16F7-4668-BE54-9A1E7A4F7556}") = "InfinityComparable.Tests", "test\InfinityComparable.Tests\InfinityComparable.Tests.csproj", "{80087A91-2A18-4ECC-9B69-29EE5C79F66E}"
EndProject
Project("{FAE04EC0-301F-11D3-BF4B-00C04F79EFBC}") = "InfinityComparable.Optional", "src\InfinityComparable.Optional\InfinityComparable.Optional\InfinityComparable.Optional.csproj", "{6C732799-8721-4B19-97C8-A53C2A7D531A}"
EndProject
Global
	GlobalSection(SolutionConfigurationPlatforms) = preSolution
		Debug|Any CPU = Debug|Any CPU
		Release|Any CPU = Release|Any CPU
	EndGlobalSection
	GlobalSection(ProjectConfigurationPlatforms) = postSolution
		{7727C4EB-7181-4144-A90C-8574D0A47CD2}.Debug|Any CPU.ActiveCfg = Debug|Any CPU
		{7727C4EB-7181-4144-A90C-8574D0A47CD2}.Debug|Any CPU.Build.0 = Debug|Any CPU
		{7727C4EB-7181-4144-A90C-8574D0A47CD2}.Release|Any CPU.ActiveCfg = Release|Any CPU
		{7727C4EB-7181-4144-A90C-8574D0A47CD2}.Release|Any CPU.Build.0 = Release|Any CPU
		{80087A91-2A18-4ECC-9B69-29EE5C79F66E}.Debug|Any CPU.ActiveCfg = Debug|Any CPU
		{80087A91-2A18-4ECC-9B69-29EE5C79F66E}.Debug|Any CPU.Build.0 = Debug|Any CPU
		{80087A91-2A18-4ECC-9B69-29EE5C79F66E}.Release|Any CPU.ActiveCfg = Release|Any CPU
		{80087A91-2A18-4ECC-9B69-29EE5C79F66E}.Release|Any CPU.Build.0 = Release|Any CPU
		{6C732799-8721-4B19-97C8-A53C2A7D531A}.Debug|Any CPU.ActiveCfg = Debug|Any CPU
		{6C732799-8721-4B19-97C8-A53C2A7D531A}.Debug|Any CPU.Build.0 = Debug|Any CPU
		{6C732799-8721-4B19-97C8-A53C2A7D531A}.Release|Any CPU.ActiveCfg = Release|Any CPU
		{6C732799-8721-4B19-97C8-A53C2A7D531A}.Release|Any CPU.Build.0 = Release|Any CPU
	EndGlobalSection
	GlobalSection(SolutionProperties) = preSolution
		HideSolutionNode = FALSE
	EndGlobalSection
	GlobalSection(NestedProjects) = preSolution
		{7727C4EB-7181-4144-A90C-8574D0A47CD2} = {552AF8C9-368E-4EB4-AB98-761D7CFC6B87}
		{80087A91-2A18-4ECC-9B69-29EE5C79F66E} = {0EE54969-0ED3-4B80-9E9E-5EFDB0866577}
		{6C732799-8721-4B19-97C8-A53C2A7D531A} = {552AF8C9-368E-4EB4-AB98-761D7CFC6B87}
	EndGlobalSection
	GlobalSection(ExtensibilityGlobals) = postSolution
		SolutionGuid = {11D37A32-D183-483F-845C-B14EF011884E}
	EndGlobalSection
EndGlobal
